
Microsoft Visual Studio Solution File, Format Version 12.00
# Visual Studio 15
VisualStudioVersion = 15.0.27428.2015
MinimumVisualStudioVersion = 10.0.40219.1
Project("{9A19103F-16F7-4668-BE54-9A1E7A4F7556}") = "PUBGLibrary", "..\PUBGLibrary.csproj", "{82F8E50E-1232-42AD-95CB-5D9CF19916B5}"
EndProject
Project("{FAE04EC0-301F-11D3-BF4B-00C04F79EFBC}") = "Net47_LibraryTest", "Net47_LibraryTest\Net47_LibraryTest.csproj", "{48E985A4-982A-42D3-A2DC-8C49E2608BED}"
EndProject
Project("{2150E333-8FDC-42A3-9474-1A3956D46DE8}") = "LibraryTests", "LibraryTests", "{64FF8DE1-A4A7-4622-BFFC-CA4DED964C63}"
EndProject
Global
	GlobalSection(SolutionConfigurationPlatforms) = preSolution
		Debug|Any CPU = Debug|Any CPU
		Release|Any CPU = Release|Any CPU
	EndGlobalSection
	GlobalSection(ProjectConfigurationPlatforms) = postSolution
		{82F8E50E-1232-42AD-95CB-5D9CF19916B5}.Debug|Any CPU.ActiveCfg = Debug|Any CPU
		{82F8E50E-1232-42AD-95CB-5D9CF19916B5}.Debug|Any CPU.Build.0 = Debug|Any CPU
		{82F8E50E-1232-42AD-95CB-5D9CF19916B5}.Release|Any CPU.ActiveCfg = Release|Any CPU
		{82F8E50E-1232-42AD-95CB-5D9CF19916B5}.Release|Any CPU.Build.0 = Release|Any CPU
		{48E985A4-982A-42D3-A2DC-8C49E2608BED}.Debug|Any CPU.ActiveCfg = Debug|Any CPU
		{48E985A4-982A-42D3-A2DC-8C49E2608BED}.Debug|Any CPU.Build.0 = Debug|Any CPU
		{48E985A4-982A-42D3-A2DC-8C49E2608BED}.Release|Any CPU.ActiveCfg = Release|Any CPU
		{48E985A4-982A-42D3-A2DC-8C49E2608BED}.Release|Any CPU.Build.0 = Release|Any CPU
	EndGlobalSection
	GlobalSection(SolutionProperties) = preSolution
		HideSolutionNode = FALSE
	EndGlobalSection
	GlobalSection(NestedProjects) = preSolution
		{48E985A4-982A-42D3-A2DC-8C49E2608BED} = {64FF8DE1-A4A7-4622-BFFC-CA4DED964C63}
	EndGlobalSection
	GlobalSection(ExtensibilityGlobals) = postSolution
		SolutionGuid = {22E64313-C9A4-4B06-B8EB-DFFE175B5FEA}
	EndGlobalSection
EndGlobal
